// !$*UTF8*$!
{
	archiveVersion = 1;
	classes = {
	};
	objectVersion = 55;
	objects = {

/* Begin PBXBuildFile section */
		934746EF284D8FDAE7E8D03E /* Pods_InstagramChallenge.framework in Frameworks */ = {isa = PBXBuildFile; fileRef = 232C4B3E7C73C48E09956F98 /* Pods_InstagramChallenge.framework */; };
		B127564E28A3E15200508448 /* BASE_URL.swift in Sources */ = {isa = PBXBuildFile; fileRef = B127564D28A3E15200508448 /* BASE_URL.swift */; };
		B15DAB4A2895ACE000BB313D /* Feed.storyboard in Resources */ = {isa = PBXBuildFile; fileRef = B15DAB492895ACE000BB313D /* Feed.storyboard */; };
		B15DAB4C2895B73700BB313D /* FeedViewController.swift in Sources */ = {isa = PBXBuildFile; fileRef = B15DAB4B2895B73700BB313D /* FeedViewController.swift */; };
		B15DAB502895BAAA00BB313D /* FeedTabBarViewController.swift in Sources */ = {isa = PBXBuildFile; fileRef = B15DAB4F2895BAAA00BB313D /* FeedTabBarViewController.swift */; };
		B16588DD289E73B800B80B4F /* FeedChatViewController.swift in Sources */ = {isa = PBXBuildFile; fileRef = B16588DC289E73B800B80B4F /* FeedChatViewController.swift */; };
		B16588E1289E8FF400B80B4F /* YouChatTableViewCell.swift in Sources */ = {isa = PBXBuildFile; fileRef = B16588DF289E8FF400B80B4F /* YouChatTableViewCell.swift */; };
		B16588E2289E8FF400B80B4F /* YouChatTableViewCell.xib in Resources */ = {isa = PBXBuildFile; fileRef = B16588E0289E8FF400B80B4F /* YouChatTableViewCell.xib */; };
		B16588E7289E9A2800B80B4F /* MeChatTableViewCell.swift in Sources */ = {isa = PBXBuildFile; fileRef = B16588E5289E9A2800B80B4F /* MeChatTableViewCell.swift */; };
		B16588E8289E9A2800B80B4F /* MeChatTableViewCell.xib in Resources */ = {isa = PBXBuildFile; fileRef = B16588E6289E9A2800B80B4F /* MeChatTableViewCell.xib */; };
		B16588ED289EA13F00B80B4F /* APIChatGet.swift in Sources */ = {isa = PBXBuildFile; fileRef = B16588EC289EA13F00B80B4F /* APIChatGet.swift */; };
		B16588EF289EA16B00B80B4F /* APIChatGetURL.swift in Sources */ = {isa = PBXBuildFile; fileRef = B16588EE289EA16B00B80B4F /* APIChatGetURL.swift */; };
		B16588F1289EA53600B80B4F /* ChatResponse.swift in Sources */ = {isa = PBXBuildFile; fileRef = B16588F0289EA53600B80B4F /* ChatResponse.swift */; };
		B16588F3289EB72200B80B4F /* APIChatPost.swift in Sources */ = {isa = PBXBuildFile; fileRef = B16588F2289EB72200B80B4F /* APIChatPost.swift */; };
		B16588F5289EB72C00B80B4F /* APIChatPostURL.swift in Sources */ = {isa = PBXBuildFile; fileRef = B16588F4289EB72C00B80B4F /* APIChatPostURL.swift */; };
		B16588F7289EE36300B80B4F /* APIKakaoPost.swift in Sources */ = {isa = PBXBuildFile; fileRef = B16588F6289EE36300B80B4F /* APIKakaoPost.swift */; };
		B16588F9289EE3A600B80B4F /* APIKakaoPostURL.swift in Sources */ = {isa = PBXBuildFile; fileRef = B16588F8289EE3A600B80B4F /* APIKakaoPostURL.swift */; };
		B17B5C45289FF6BB00B699B9 /* Loading.swift in Sources */ = {isa = PBXBuildFile; fileRef = B17B5C44289FF6BB00B699B9 /* Loading.swift */; };
		B188C367289D5AE800363E0C /* APIFeedPostURL.swift in Sources */ = {isa = PBXBuildFile; fileRef = B188C366289D5AE800363E0C /* APIFeedPostURL.swift */; };
		B188C369289D5DFA00363E0C /* APIFeedPost.swift in Sources */ = {isa = PBXBuildFile; fileRef = B188C368289D5DFA00363E0C /* APIFeedPost.swift */; };
		B188C36D289D673B00363E0C /* MypageFeedCollectionViewCell.swift in Sources */ = {isa = PBXBuildFile; fileRef = B188C36B289D673B00363E0C /* MypageFeedCollectionViewCell.swift */; };
		B188C36E289D673B00363E0C /* MypageFeedCollectionViewCell.xib in Resources */ = {isa = PBXBuildFile; fileRef = B188C36C289D673B00363E0C /* MypageFeedCollectionViewCell.xib */; };
		B188C372289D95AA00363E0C /* BottomSheetViewController.swift in Sources */ = {isa = PBXBuildFile; fileRef = B188C371289D95AA00363E0C /* BottomSheetViewController.swift */; };
		B192283C28992F620059960C /* StoryTableViewCell.swift in Sources */ = {isa = PBXBuildFile; fileRef = B192283A28992F620059960C /* StoryTableViewCell.swift */; };
		B192283D28992F620059960C /* StoryTableViewCell.xib in Resources */ = {isa = PBXBuildFile; fileRef = B192283B28992F620059960C /* StoryTableViewCell.xib */; };
		B192284628993AFA0059960C /* StoryCollectionViewCell.swift in Sources */ = {isa = PBXBuildFile; fileRef = B192284428993AFA0059960C /* StoryCollectionViewCell.swift */; };
		B192284728993AFA0059960C /* StoryCollectionViewCell.xib in Resources */ = {isa = PBXBuildFile; fileRef = B192284528993AFA0059960C /* StoryCollectionViewCell.xib */; };
		B192284B28993D7D0059960C /* FeedTableViewCell.swift in Sources */ = {isa = PBXBuildFile; fileRef = B192284928993D7D0059960C /* FeedTableViewCell.swift */; };
		B192284C28993D7D0059960C /* FeedTableViewCell.xib in Resources */ = {isa = PBXBuildFile; fileRef = B192284A28993D7D0059960C /* FeedTableViewCell.xib */; };
		B192CC722894582B008C424C /* JoinUserIDViewController.swift in Sources */ = {isa = PBXBuildFile; fileRef = B192CC712894582B008C424C /* JoinUserIDViewController.swift */; };
		B192CC7428945EF6008C424C /* JoinFinalViewController.swift in Sources */ = {isa = PBXBuildFile; fileRef = B192CC7328945EF6008C424C /* JoinFinalViewController.swift */; };
		B19722EC28927EA2002B0B3B /* MakeAlert.swift in Sources */ = {isa = PBXBuildFile; fileRef = B19722EB28927EA2002B0B3B /* MakeAlert.swift */; };
		B19722EE28928DD9002B0B3B /* JoinViewController.swift in Sources */ = {isa = PBXBuildFile; fileRef = B19722ED28928DD9002B0B3B /* JoinViewController.swift */; };
		B19722F0289295FE002B0B3B /* JoinPhoneViewController.swift in Sources */ = {isa = PBXBuildFile; fileRef = B19722EF289295FE002B0B3B /* JoinPhoneViewController.swift */; };
		B19722F32892A1E8002B0B3B /* PageViewController.swift in Sources */ = {isa = PBXBuildFile; fileRef = B19722F22892A1E8002B0B3B /* PageViewController.swift */; };
		B19722F52892A216002B0B3B /* PagePhoneViewController.swift in Sources */ = {isa = PBXBuildFile; fileRef = B19722F42892A216002B0B3B /* PagePhoneViewController.swift */; };
		B19722F72892A223002B0B3B /* PageEmailViewController.swift in Sources */ = {isa = PBXBuildFile; fileRef = B19722F62892A223002B0B3B /* PageEmailViewController.swift */; };
		B19722F92892BD87002B0B3B /* JoinSMSViewController.swift in Sources */ = {isa = PBXBuildFile; fileRef = B19722F82892BD87002B0B3B /* JoinSMSViewController.swift */; };
		B19722FB2892CDB8002B0B3B /* JoinNameViewController.swift in Sources */ = {isa = PBXBuildFile; fileRef = B19722FA2892CDB8002B0B3B /* JoinNameViewController.swift */; };
		B19722FE2892D900002B0B3B /* JoinPWViewController.swift in Sources */ = {isa = PBXBuildFile; fileRef = B19722FD2892D900002B0B3B /* JoinPWViewController.swift */; };
		B19723002892E115002B0B3B /* JoinBirthViewController.swift in Sources */ = {isa = PBXBuildFile; fileRef = B19722FF2892E115002B0B3B /* JoinBirthViewController.swift */; };
		B19B0AB0289BD04800996F4E /* LoginNavigationViewController.swift in Sources */ = {isa = PBXBuildFile; fileRef = B19B0AAF289BD04800996F4E /* LoginNavigationViewController.swift */; };
		B19B0AB8289C071B00996F4E /* UserKakaoSignUpRequest.swift in Sources */ = {isa = PBXBuildFile; fileRef = B19B0AB7289C071B00996F4E /* UserKakaoSignUpRequest.swift */; };
		B19B0ABA289C2B2900996F4E /* Mypage.storyboard in Resources */ = {isa = PBXBuildFile; fileRef = B19B0AB9289C2B2900996F4E /* Mypage.storyboard */; };
		B19B0ABF289C3DC300996F4E /* MypageFeedViewController.swift in Sources */ = {isa = PBXBuildFile; fileRef = B19B0ABE289C3DC300996F4E /* MypageFeedViewController.swift */; };
		B19B0AC1289C3DD900996F4E /* MypageTagViewController.swift in Sources */ = {isa = PBXBuildFile; fileRef = B19B0AC0289C3DD900996F4E /* MypageTagViewController.swift */; };
		B19B0AC3289C3EED00996F4E /* TabManViewController.swift in Sources */ = {isa = PBXBuildFile; fileRef = B19B0AC2289C3EED00996F4E /* TabManViewController.swift */; };
		B1A89048289A3D8900AD6C35 /* FeedNewViewController.swift in Sources */ = {isa = PBXBuildFile; fileRef = B1A89047289A3D8900AD6C35 /* FeedNewViewController.swift */; };
		B1A8904E289A4E1A00AD6C35 /* MyPageViewController.swift in Sources */ = {isa = PBXBuildFile; fileRef = B1A8904D289A4E1A00AD6C35 /* MyPageViewController.swift */; };
		B1B1FBE6289DB7E200E55EEC /* FeedModifyViewController.swift in Sources */ = {isa = PBXBuildFile; fileRef = B1B1FBE5289DB7E200E55EEC /* FeedModifyViewController.swift */; };
		B1B1FBE8289DC85B00E55EEC /* APIFeedPatch.swift in Sources */ = {isa = PBXBuildFile; fileRef = B1B1FBE7289DC85B00E55EEC /* APIFeedPatch.swift */; };
		B1B1FBEA289DC86A00E55EEC /* APIFeedPatchURL.swift in Sources */ = {isa = PBXBuildFile; fileRef = B1B1FBE9289DC86A00E55EEC /* APIFeedPatchURL.swift */; };
		B1B1FBEC289DE7C300E55EEC /* FeedCommentsViewController.swift in Sources */ = {isa = PBXBuildFile; fileRef = B1B1FBEB289DE7C300E55EEC /* FeedCommentsViewController.swift */; };
		B1B1FBF0289DE8A300E55EEC /* FeedCommentsTableViewCell.swift in Sources */ = {isa = PBXBuildFile; fileRef = B1B1FBEE289DE8A300E55EEC /* FeedCommentsTableViewCell.swift */; };
		B1B1FBF1289DE8A300E55EEC /* FeedCommentsTableViewCell.xib in Resources */ = {isa = PBXBuildFile; fileRef = B1B1FBEF289DE8A300E55EEC /* FeedCommentsTableViewCell.xib */; };
		B1B1FBF3289DF8A500E55EEC /* DateSub.swift in Sources */ = {isa = PBXBuildFile; fileRef = B1B1FBF2289DF8A500E55EEC /* DateSub.swift */; };
		B1B1FBF5289DFBB700E55EEC /* CommentResponse.swift in Sources */ = {isa = PBXBuildFile; fileRef = B1B1FBF4289DFBB700E55EEC /* CommentResponse.swift */; };
		B1B922E1289A777D001440E9 /* APIUserPostURL.swift in Sources */ = {isa = PBXBuildFile; fileRef = B1B922E0289A777D001440E9 /* APIUserPostURL.swift */; };
		B1B922E3289A7DAC001440E9 /* APIUserPost.swift in Sources */ = {isa = PBXBuildFile; fileRef = B1B922E2289A7DAC001440E9 /* APIUserPost.swift */; };
		B1B922E6289A8D0C001440E9 /* UserResponse.swift in Sources */ = {isa = PBXBuildFile; fileRef = B1B922E5289A8D0C001440E9 /* UserResponse.swift */; };
		B1B922F0289A9F25001440E9 /* UserPostRequest.swift in Sources */ = {isa = PBXBuildFile; fileRef = B1B922EF289A9F25001440E9 /* UserPostRequest.swift */; };
		B1B922F2289AF7D4001440E9 /* APIUserGet.swift in Sources */ = {isa = PBXBuildFile; fileRef = B1B922F1289AF7D4001440E9 /* APIUserGet.swift */; };
		B1B922F4289AF7F3001440E9 /* APIUserGetURL.swift in Sources */ = {isa = PBXBuildFile; fileRef = B1B922F3289AF7F3001440E9 /* APIUserGetURL.swift */; };
		B1B922F7289AF873001440E9 /* UserDefaultsData.swift in Sources */ = {isa = PBXBuildFile; fileRef = B1B922F6289AF873001440E9 /* UserDefaultsData.swift */; };
		B1BD42CE2893907300B28575 /* JoinAgreeViewController.swift in Sources */ = {isa = PBXBuildFile; fileRef = B1BD42CD2893907300B28575 /* JoinAgreeViewController.swift */; };
		B1F5694F289C55EB004E2CAB /* APIFeedGet.swift in Sources */ = {isa = PBXBuildFile; fileRef = B1F5694E289C55EB004E2CAB /* APIFeedGet.swift */; };
		B1F56951289C561D004E2CAB /* APIFeedGetURL.swift in Sources */ = {isa = PBXBuildFile; fileRef = B1F56950289C561D004E2CAB /* APIFeedGetURL.swift */; };
		B1F56953289C5BE2004E2CAB /* FeedResponse.swift in Sources */ = {isa = PBXBuildFile; fileRef = B1F56952289C5BE2004E2CAB /* FeedResponse.swift */; };
		B1F56955289C68AE004E2CAB /* NumberFormatter.swift in Sources */ = {isa = PBXBuildFile; fileRef = B1F56954289C68AE004E2CAB /* NumberFormatter.swift */; };
		F696340028902C0900548666 /* AppDelegate.swift in Sources */ = {isa = PBXBuildFile; fileRef = F69633FF28902C0900548666 /* AppDelegate.swift */; };
		F696340228902C0900548666 /* SceneDelegate.swift in Sources */ = {isa = PBXBuildFile; fileRef = F696340128902C0900548666 /* SceneDelegate.swift */; };
		F696340428902C0900548666 /* LoginViewController.swift in Sources */ = {isa = PBXBuildFile; fileRef = F696340328902C0900548666 /* LoginViewController.swift */; };
		F696340728902C0900548666 /* Login.storyboard in Resources */ = {isa = PBXBuildFile; fileRef = F696340528902C0900548666 /* Login.storyboard */; };
		F696340928902C0D00548666 /* Assets.xcassets in Resources */ = {isa = PBXBuildFile; fileRef = F696340828902C0D00548666 /* Assets.xcassets */; };
		F696340C28902C0D00548666 /* LaunchScreen.storyboard in Resources */ = {isa = PBXBuildFile; fileRef = F696340A28902C0D00548666 /* LaunchScreen.storyboard */; };
/* End PBXBuildFile section */

/* Begin PBXFileReference section */
		232C4B3E7C73C48E09956F98 /* Pods_InstagramChallenge.framework */ = {isa = PBXFileReference; explicitFileType = wrapper.framework; includeInIndex = 0; path = Pods_InstagramChallenge.framework; sourceTree = BUILT_PRODUCTS_DIR; };
		AAE7366E71726112FA11D6AD /* Pods-InstagramChallenge.debug.xcconfig */ = {isa = PBXFileReference; includeInIndex = 1; lastKnownFileType = text.xcconfig; name = "Pods-InstagramChallenge.debug.xcconfig"; path = "Target Support Files/Pods-InstagramChallenge/Pods-InstagramChallenge.debug.xcconfig"; sourceTree = "<group>"; };
		B127564D28A3E15200508448 /* BASE_URL.swift */ = {isa = PBXFileReference; lastKnownFileType = sourcecode.swift; path = BASE_URL.swift; sourceTree = "<group>"; };
		B15DAB492895ACE000BB313D /* Feed.storyboard */ = {isa = PBXFileReference; lastKnownFileType = file.storyboard; path = Feed.storyboard; sourceTree = "<group>"; };
		B15DAB4B2895B73700BB313D /* FeedViewController.swift */ = {isa = PBXFileReference; lastKnownFileType = sourcecode.swift; path = FeedViewController.swift; sourceTree = "<group>"; };
		B15DAB4F2895BAAA00BB313D /* FeedTabBarViewController.swift */ = {isa = PBXFileReference; lastKnownFileType = sourcecode.swift; path = FeedTabBarViewController.swift; sourceTree = "<group>"; };
		B16588DC289E73B800B80B4F /* FeedChatViewController.swift */ = {isa = PBXFileReference; lastKnownFileType = sourcecode.swift; path = FeedChatViewController.swift; sourceTree = "<group>"; };
		B16588DF289E8FF400B80B4F /* YouChatTableViewCell.swift */ = {isa = PBXFileReference; lastKnownFileType = sourcecode.swift; path = YouChatTableViewCell.swift; sourceTree = "<group>"; };
		B16588E0289E8FF400B80B4F /* YouChatTableViewCell.xib */ = {isa = PBXFileReference; lastKnownFileType = file.xib; path = YouChatTableViewCell.xib; sourceTree = "<group>"; };
		B16588E5289E9A2800B80B4F /* MeChatTableViewCell.swift */ = {isa = PBXFileReference; lastKnownFileType = sourcecode.swift; path = MeChatTableViewCell.swift; sourceTree = "<group>"; };
		B16588E6289E9A2800B80B4F /* MeChatTableViewCell.xib */ = {isa = PBXFileReference; lastKnownFileType = file.xib; path = MeChatTableViewCell.xib; sourceTree = "<group>"; };
		B16588EC289EA13F00B80B4F /* APIChatGet.swift */ = {isa = PBXFileReference; lastKnownFileType = sourcecode.swift; path = APIChatGet.swift; sourceTree = "<group>"; };
		B16588EE289EA16B00B80B4F /* APIChatGetURL.swift */ = {isa = PBXFileReference; lastKnownFileType = sourcecode.swift; path = APIChatGetURL.swift; sourceTree = "<group>"; };
		B16588F0289EA53600B80B4F /* ChatResponse.swift */ = {isa = PBXFileReference; lastKnownFileType = sourcecode.swift; path = ChatResponse.swift; sourceTree = "<group>"; };
		B16588F2289EB72200B80B4F /* APIChatPost.swift */ = {isa = PBXFileReference; lastKnownFileType = sourcecode.swift; path = APIChatPost.swift; sourceTree = "<group>"; };
		B16588F4289EB72C00B80B4F /* APIChatPostURL.swift */ = {isa = PBXFileReference; lastKnownFileType = sourcecode.swift; path = APIChatPostURL.swift; sourceTree = "<group>"; };
		B16588F6289EE36300B80B4F /* APIKakaoPost.swift */ = {isa = PBXFileReference; lastKnownFileType = sourcecode.swift; path = APIKakaoPost.swift; sourceTree = "<group>"; };
		B16588F8289EE3A600B80B4F /* APIKakaoPostURL.swift */ = {isa = PBXFileReference; lastKnownFileType = sourcecode.swift; path = APIKakaoPostURL.swift; sourceTree = "<group>"; };
		B17B5C40289FF49700B699B9 /* ko */ = {isa = PBXFileReference; lastKnownFileType = file.storyboard; name = ko; path = ko.lproj/Login.storyboard; sourceTree = "<group>"; };
		B17B5C41289FF49A00B699B9 /* ko */ = {isa = PBXFileReference; lastKnownFileType = file.storyboard; name = ko; path = ko.lproj/LaunchScreen.storyboard; sourceTree = "<group>"; };
		B17B5C44289FF6BB00B699B9 /* Loading.swift */ = {isa = PBXFileReference; lastKnownFileType = sourcecode.swift; path = Loading.swift; sourceTree = "<group>"; };
		B188C366289D5AE800363E0C /* APIFeedPostURL.swift */ = {isa = PBXFileReference; lastKnownFileType = sourcecode.swift; path = APIFeedPostURL.swift; sourceTree = "<group>"; };
		B188C368289D5DFA00363E0C /* APIFeedPost.swift */ = {isa = PBXFileReference; lastKnownFileType = sourcecode.swift; path = APIFeedPost.swift; sourceTree = "<group>"; };
		B188C36B289D673B00363E0C /* MypageFeedCollectionViewCell.swift */ = {isa = PBXFileReference; lastKnownFileType = sourcecode.swift; path = MypageFeedCollectionViewCell.swift; sourceTree = "<group>"; };
		B188C36C289D673B00363E0C /* MypageFeedCollectionViewCell.xib */ = {isa = PBXFileReference; lastKnownFileType = file.xib; path = MypageFeedCollectionViewCell.xib; sourceTree = "<group>"; };
		B188C371289D95AA00363E0C /* BottomSheetViewController.swift */ = {isa = PBXFileReference; lastKnownFileType = sourcecode.swift; path = BottomSheetViewController.swift; sourceTree = "<group>"; };
		B192283A28992F620059960C /* StoryTableViewCell.swift */ = {isa = PBXFileReference; lastKnownFileType = sourcecode.swift; path = StoryTableViewCell.swift; sourceTree = "<group>"; };
		B192283B28992F620059960C /* StoryTableViewCell.xib */ = {isa = PBXFileReference; lastKnownFileType = file.xib; path = StoryTableViewCell.xib; sourceTree = "<group>"; };
		B192284428993AFA0059960C /* StoryCollectionViewCell.swift */ = {isa = PBXFileReference; lastKnownFileType = sourcecode.swift; path = StoryCollectionViewCell.swift; sourceTree = "<group>"; };
		B192284528993AFA0059960C /* StoryCollectionViewCell.xib */ = {isa = PBXFileReference; lastKnownFileType = file.xib; path = StoryCollectionViewCell.xib; sourceTree = "<group>"; };
		B192284928993D7D0059960C /* FeedTableViewCell.swift */ = {isa = PBXFileReference; lastKnownFileType = sourcecode.swift; path = FeedTableViewCell.swift; sourceTree = "<group>"; };
		B192284A28993D7D0059960C /* FeedTableViewCell.xib */ = {isa = PBXFileReference; lastKnownFileType = file.xib; path = FeedTableViewCell.xib; sourceTree = "<group>"; };
		B192CC712894582B008C424C /* JoinUserIDViewController.swift */ = {isa = PBXFileReference; lastKnownFileType = sourcecode.swift; path = JoinUserIDViewController.swift; sourceTree = "<group>"; };
		B192CC7328945EF6008C424C /* JoinFinalViewController.swift */ = {isa = PBXFileReference; lastKnownFileType = sourcecode.swift; path = JoinFinalViewController.swift; sourceTree = "<group>"; };
		B19722DE28927573002B0B3B /* KakaoSDKAuth.framework */ = {isa = PBXFileReference; explicitFileType = wrapper.framework; path = KakaoSDKAuth.framework; sourceTree = BUILT_PRODUCTS_DIR; };
		B19722E128927577002B0B3B /* KakaoSDKAuth.framework */ = {isa = PBXFileReference; explicitFileType = wrapper.framework; path = KakaoSDKAuth.framework; sourceTree = BUILT_PRODUCTS_DIR; };
		B19722E42892757A002B0B3B /* KakaoSDKCommon.framework */ = {isa = PBXFileReference; explicitFileType = wrapper.framework; path = KakaoSDKCommon.framework; sourceTree = BUILT_PRODUCTS_DIR; };
		B19722E72892757D002B0B3B /* Alamofire.framework */ = {isa = PBXFileReference; explicitFileType = wrapper.framework; path = Alamofire.framework; sourceTree = BUILT_PRODUCTS_DIR; };
		B19722EB28927EA2002B0B3B /* MakeAlert.swift */ = {isa = PBXFileReference; lastKnownFileType = sourcecode.swift; path = MakeAlert.swift; sourceTree = "<group>"; };
		B19722ED28928DD9002B0B3B /* JoinViewController.swift */ = {isa = PBXFileReference; lastKnownFileType = sourcecode.swift; path = JoinViewController.swift; sourceTree = "<group>"; };
		B19722EF289295FE002B0B3B /* JoinPhoneViewController.swift */ = {isa = PBXFileReference; lastKnownFileType = sourcecode.swift; path = JoinPhoneViewController.swift; sourceTree = "<group>"; };
		B19722F22892A1E8002B0B3B /* PageViewController.swift */ = {isa = PBXFileReference; lastKnownFileType = sourcecode.swift; path = PageViewController.swift; sourceTree = "<group>"; };
		B19722F42892A216002B0B3B /* PagePhoneViewController.swift */ = {isa = PBXFileReference; lastKnownFileType = sourcecode.swift; path = PagePhoneViewController.swift; sourceTree = "<group>"; };
		B19722F62892A223002B0B3B /* PageEmailViewController.swift */ = {isa = PBXFileReference; lastKnownFileType = sourcecode.swift; path = PageEmailViewController.swift; sourceTree = "<group>"; };
		B19722F82892BD87002B0B3B /* JoinSMSViewController.swift */ = {isa = PBXFileReference; lastKnownFileType = sourcecode.swift; path = JoinSMSViewController.swift; sourceTree = "<group>"; };
		B19722FA2892CDB8002B0B3B /* JoinNameViewController.swift */ = {isa = PBXFileReference; lastKnownFileType = sourcecode.swift; path = JoinNameViewController.swift; sourceTree = "<group>"; };
		B19722FD2892D900002B0B3B /* JoinPWViewController.swift */ = {isa = PBXFileReference; lastKnownFileType = sourcecode.swift; path = JoinPWViewController.swift; sourceTree = "<group>"; };
		B19722FF2892E115002B0B3B /* JoinBirthViewController.swift */ = {isa = PBXFileReference; lastKnownFileType = sourcecode.swift; path = JoinBirthViewController.swift; sourceTree = "<group>"; };
		B19B0AAF289BD04800996F4E /* LoginNavigationViewController.swift */ = {isa = PBXFileReference; lastKnownFileType = sourcecode.swift; path = LoginNavigationViewController.swift; sourceTree = "<group>"; };
		B19B0AB7289C071B00996F4E /* UserKakaoSignUpRequest.swift */ = {isa = PBXFileReference; lastKnownFileType = sourcecode.swift; path = UserKakaoSignUpRequest.swift; sourceTree = "<group>"; };
		B19B0AB9289C2B2900996F4E /* Mypage.storyboard */ = {isa = PBXFileReference; lastKnownFileType = file.storyboard; path = Mypage.storyboard; sourceTree = "<group>"; };
		B19B0ABE289C3DC300996F4E /* MypageFeedViewController.swift */ = {isa = PBXFileReference; lastKnownFileType = sourcecode.swift; path = MypageFeedViewController.swift; sourceTree = "<group>"; };
		B19B0AC0289C3DD900996F4E /* MypageTagViewController.swift */ = {isa = PBXFileReference; lastKnownFileType = sourcecode.swift; path = MypageTagViewController.swift; sourceTree = "<group>"; };
		B19B0AC2289C3EED00996F4E /* TabManViewController.swift */ = {isa = PBXFileReference; lastKnownFileType = sourcecode.swift; path = TabManViewController.swift; sourceTree = "<group>"; };
		B1A89047289A3D8900AD6C35 /* FeedNewViewController.swift */ = {isa = PBXFileReference; lastKnownFileType = sourcecode.swift; path = FeedNewViewController.swift; sourceTree = "<group>"; };
		B1A8904D289A4E1A00AD6C35 /* MyPageViewController.swift */ = {isa = PBXFileReference; lastKnownFileType = sourcecode.swift; path = MyPageViewController.swift; sourceTree = "<group>"; };
		B1B1FBE5289DB7E200E55EEC /* FeedModifyViewController.swift */ = {isa = PBXFileReference; lastKnownFileType = sourcecode.swift; path = FeedModifyViewController.swift; sourceTree = "<group>"; };
		B1B1FBE7289DC85B00E55EEC /* APIFeedPatch.swift */ = {isa = PBXFileReference; lastKnownFileType = sourcecode.swift; path = APIFeedPatch.swift; sourceTree = "<group>"; };
		B1B1FBE9289DC86A00E55EEC /* APIFeedPatchURL.swift */ = {isa = PBXFileReference; lastKnownFileType = sourcecode.swift; path = APIFeedPatchURL.swift; sourceTree = "<group>"; };
		B1B1FBEB289DE7C300E55EEC /* FeedCommentsViewController.swift */ = {isa = PBXFileReference; lastKnownFileType = sourcecode.swift; path = FeedCommentsViewController.swift; sourceTree = "<group>"; };
		B1B1FBEE289DE8A300E55EEC /* FeedCommentsTableViewCell.swift */ = {isa = PBXFileReference; lastKnownFileType = sourcecode.swift; path = FeedCommentsTableViewCell.swift; sourceTree = "<group>"; };
		B1B1FBEF289DE8A300E55EEC /* FeedCommentsTableViewCell.xib */ = {isa = PBXFileReference; lastKnownFileType = file.xib; path = FeedCommentsTableViewCell.xib; sourceTree = "<group>"; };
		B1B1FBF2289DF8A500E55EEC /* DateSub.swift */ = {isa = PBXFileReference; lastKnownFileType = sourcecode.swift; path = DateSub.swift; sourceTree = "<group>"; };
		B1B1FBF4289DFBB700E55EEC /* CommentResponse.swift */ = {isa = PBXFileReference; lastKnownFileType = sourcecode.swift; path = CommentResponse.swift; sourceTree = "<group>"; };
		B1B922E0289A777D001440E9 /* APIUserPostURL.swift */ = {isa = PBXFileReference; lastKnownFileType = sourcecode.swift; path = APIUserPostURL.swift; sourceTree = "<group>"; };
		B1B922E2289A7DAC001440E9 /* APIUserPost.swift */ = {isa = PBXFileReference; lastKnownFileType = sourcecode.swift; path = APIUserPost.swift; sourceTree = "<group>"; };
		B1B922E5289A8D0C001440E9 /* UserResponse.swift */ = {isa = PBXFileReference; lastKnownFileType = sourcecode.swift; path = UserResponse.swift; sourceTree = "<group>"; };
		B1B922EF289A9F25001440E9 /* UserPostRequest.swift */ = {isa = PBXFileReference; lastKnownFileType = sourcecode.swift; path = UserPostRequest.swift; sourceTree = "<group>"; };
		B1B922F1289AF7D4001440E9 /* APIUserGet.swift */ = {isa = PBXFileReference; lastKnownFileType = sourcecode.swift; path = APIUserGet.swift; sourceTree = "<group>"; };
		B1B922F3289AF7F3001440E9 /* APIUserGetURL.swift */ = {isa = PBXFileReference; lastKnownFileType = sourcecode.swift; path = APIUserGetURL.swift; sourceTree = "<group>"; };
		B1B922F6289AF873001440E9 /* UserDefaultsData.swift */ = {isa = PBXFileReference; lastKnownFileType = sourcecode.swift; path = UserDefaultsData.swift; sourceTree = "<group>"; };
		B1BD42CD2893907300B28575 /* JoinAgreeViewController.swift */ = {isa = PBXFileReference; lastKnownFileType = sourcecode.swift; path = JoinAgreeViewController.swift; sourceTree = "<group>"; };
		B1F5694E289C55EB004E2CAB /* APIFeedGet.swift */ = {isa = PBXFileReference; lastKnownFileType = sourcecode.swift; path = APIFeedGet.swift; sourceTree = "<group>"; };
		B1F56950289C561D004E2CAB /* APIFeedGetURL.swift */ = {isa = PBXFileReference; lastKnownFileType = sourcecode.swift; path = APIFeedGetURL.swift; sourceTree = "<group>"; };
		B1F56952289C5BE2004E2CAB /* FeedResponse.swift */ = {isa = PBXFileReference; lastKnownFileType = sourcecode.swift; path = FeedResponse.swift; sourceTree = "<group>"; };
		B1F56954289C68AE004E2CAB /* NumberFormatter.swift */ = {isa = PBXFileReference; fileEncoding = 4; lastKnownFileType = sourcecode.swift; path = NumberFormatter.swift; sourceTree = "<group>"; };
		F69633FC28902C0900548666 /* InstagramChallenge.app */ = {isa = PBXFileReference; explicitFileType = wrapper.application; includeInIndex = 0; path = InstagramChallenge.app; sourceTree = BUILT_PRODUCTS_DIR; };
		F69633FF28902C0900548666 /* AppDelegate.swift */ = {isa = PBXFileReference; lastKnownFileType = sourcecode.swift; path = AppDelegate.swift; sourceTree = "<group>"; };
		F696340128902C0900548666 /* SceneDelegate.swift */ = {isa = PBXFileReference; lastKnownFileType = sourcecode.swift; path = SceneDelegate.swift; sourceTree = "<group>"; wrapsLines = 0; };
		F696340328902C0900548666 /* LoginViewController.swift */ = {isa = PBXFileReference; lastKnownFileType = sourcecode.swift; path = LoginViewController.swift; sourceTree = "<group>"; };
		F696340828902C0D00548666 /* Assets.xcassets */ = {isa = PBXFileReference; lastKnownFileType = folder.assetcatalog; path = Assets.xcassets; sourceTree = "<group>"; };
		F696340D28902C0D00548666 /* Info.plist */ = {isa = PBXFileReference; lastKnownFileType = text.plist.xml; path = Info.plist; sourceTree = "<group>"; };
		FF9E68987F05A4CDC4872731 /* Pods-InstagramChallenge.release.xcconfig */ = {isa = PBXFileReference; includeInIndex = 1; lastKnownFileType = text.xcconfig; name = "Pods-InstagramChallenge.release.xcconfig"; path = "Target Support Files/Pods-InstagramChallenge/Pods-InstagramChallenge.release.xcconfig"; sourceTree = "<group>"; };
/* End PBXFileReference section */

/* Begin PBXFrameworksBuildPhase section */
		F69633F928902C0900548666 /* Frameworks */ = {
			isa = PBXFrameworksBuildPhase;
			buildActionMask = 2147483647;
			files = (
				934746EF284D8FDAE7E8D03E /* Pods_InstagramChallenge.framework in Frameworks */,
			);
			runOnlyForDeploymentPostprocessing = 0;
		};
/* End PBXFrameworksBuildPhase section */

/* Begin PBXGroup section */
		20118D236E852BF649A76B49 /* Pods */ = {
			isa = PBXGroup;
			children = (
				AAE7366E71726112FA11D6AD /* Pods-InstagramChallenge.debug.xcconfig */,
				FF9E68987F05A4CDC4872731 /* Pods-InstagramChallenge.release.xcconfig */,
			);
			path = Pods;
			sourceTree = "<group>";
		};
		80FEF2CBE9028394D017550E /* Frameworks */ = {
			isa = PBXGroup;
			children = (
				B19722E72892757D002B0B3B /* Alamofire.framework */,
				B19722E42892757A002B0B3B /* KakaoSDKCommon.framework */,
				B19722E128927577002B0B3B /* KakaoSDKAuth.framework */,
				B19722DE28927573002B0B3B /* KakaoSDKAuth.framework */,
				232C4B3E7C73C48E09956F98 /* Pods_InstagramChallenge.framework */,
			);
			name = Frameworks;
			sourceTree = "<group>";
		};
		B16588DE289E8FAF00B80B4F /* ChatTable */ = {
			isa = PBXGroup;
			children = (
				B16588E0289E8FF400B80B4F /* YouChatTableViewCell.xib */,
				B16588DF289E8FF400B80B4F /* YouChatTableViewCell.swift */,
				B16588E6289E9A2800B80B4F /* MeChatTableViewCell.xib */,
				B16588E5289E9A2800B80B4F /* MeChatTableViewCell.swift */,
			);
			path = ChatTable;
			sourceTree = "<group>";
		};
		B16588E9289E9B5F00B80B4F /* Comment */ = {
			isa = PBXGroup;
			children = (
				B1B1FBEB289DE7C300E55EEC /* FeedCommentsViewController.swift */,
				B1B1FBED289DE86F00E55EEC /* CommentsTable */,
			);
			path = Comment;
			sourceTree = "<group>";
		};
		B16588EA289E9B7300B80B4F /* Chat */ = {
			isa = PBXGroup;
			children = (
				B16588DC289E73B800B80B4F /* FeedChatViewController.swift */,
				B16588DE289E8FAF00B80B4F /* ChatTable */,
			);
			path = Chat;
			sourceTree = "<group>";
		};
		B16588EB289EA12800B80B4F /* Chat */ = {
			isa = PBXGroup;
			children = (
				B16588EE289EA16B00B80B4F /* APIChatGetURL.swift */,
				B16588EC289EA13F00B80B4F /* APIChatGet.swift */,
				B16588F4289EB72C00B80B4F /* APIChatPostURL.swift */,
				B16588F2289EB72200B80B4F /* APIChatPost.swift */,
			);
			path = Chat;
			sourceTree = "<group>";
		};
		B16B30B02891CEB300B978BD /* Base */ = {
			isa = PBXGroup;
			children = (
				F696340D28902C0D00548666 /* Info.plist */,
				F696340A28902C0D00548666 /* LaunchScreen.storyboard */,
				F69633FF28902C0900548666 /* AppDelegate.swift */,
				F696340128902C0900548666 /* SceneDelegate.swift */,
			);
			path = Base;
			sourceTree = "<group>";
		};
		B16B30B22891CEEA00B978BD /* Login */ = {
			isa = PBXGroup;
			children = (
				F696340528902C0900548666 /* Login.storyboard */,
				B19B0AAF289BD04800996F4E /* LoginNavigationViewController.swift */,
				F696340328902C0900548666 /* LoginViewController.swift */,
				B19722FC2892D549002B0B3B /* Join */,
			);
			path = Login;
			sourceTree = "<group>";
		};
		B188C36A289D670000363E0C /* MypageFeedCollection */ = {
			isa = PBXGroup;
			children = (
				B188C36C289D673B00363E0C /* MypageFeedCollectionViewCell.xib */,
				B188C36B289D673B00363E0C /* MypageFeedCollectionViewCell.swift */,
			);
			path = MypageFeedCollection;
			sourceTree = "<group>";
		};
		B192283928992EBD0059960C /* StoryTable */ = {
			isa = PBXGroup;
			children = (
				B192283B28992F620059960C /* StoryTableViewCell.xib */,
				B192283A28992F620059960C /* StoryTableViewCell.swift */,
				B192284328993AD00059960C /* StoryCollection */,
			);
			path = StoryTable;
			sourceTree = "<group>";
		};
		B192284328993AD00059960C /* StoryCollection */ = {
			isa = PBXGroup;
			children = (
				B192284528993AFA0059960C /* StoryCollectionViewCell.xib */,
				B192284428993AFA0059960C /* StoryCollectionViewCell.swift */,
			);
			path = StoryCollection;
			sourceTree = "<group>";
		};
		B192284828993D290059960C /* FeedTable */ = {
			isa = PBXGroup;
			children = (
				B192284A28993D7D0059960C /* FeedTableViewCell.xib */,
				B192284928993D7D0059960C /* FeedTableViewCell.swift */,
			);
			path = FeedTable;
			sourceTree = "<group>";
		};
		B192CC7528945F7B008C424C /* Feed */ = {
			isa = PBXGroup;
			children = (
				B15DAB4B2895B73700BB313D /* FeedViewController.swift */,
				B192283928992EBD0059960C /* StoryTable */,
				B192284828993D290059960C /* FeedTable */,
				B1A89047289A3D8900AD6C35 /* FeedNewViewController.swift */,
				B1B1FBE5289DB7E200E55EEC /* FeedModifyViewController.swift */,
				B188C371289D95AA00363E0C /* BottomSheetViewController.swift */,
			);
			path = Feed;
			sourceTree = "<group>";
		};
		B19722EA28927E47002B0B3B /* PublicFunc */ = {
			isa = PBXGroup;
			children = (
				B1F56954289C68AE004E2CAB /* NumberFormatter.swift */,
				B19722EB28927EA2002B0B3B /* MakeAlert.swift */,
				B1B1FBF2289DF8A500E55EEC /* DateSub.swift */,
				B17B5C44289FF6BB00B699B9 /* Loading.swift */,
			);
			path = PublicFunc;
			sourceTree = "<group>";
		};
		B19722F12892A1D1002B0B3B /* PageVC */ = {
			isa = PBXGroup;
			children = (
				B19722F22892A1E8002B0B3B /* PageViewController.swift */,
				B19722F42892A216002B0B3B /* PagePhoneViewController.swift */,
				B19722F62892A223002B0B3B /* PageEmailViewController.swift */,
			);
			path = PageVC;
			sourceTree = "<group>";
		};
		B19722FC2892D549002B0B3B /* Join */ = {
			isa = PBXGroup;
			children = (
				B19722ED28928DD9002B0B3B /* JoinViewController.swift */,
				B19722EF289295FE002B0B3B /* JoinPhoneViewController.swift */,
				B19722F82892BD87002B0B3B /* JoinSMSViewController.swift */,
				B19722FA2892CDB8002B0B3B /* JoinNameViewController.swift */,
				B19722FD2892D900002B0B3B /* JoinPWViewController.swift */,
				B19722FF2892E115002B0B3B /* JoinBirthViewController.swift */,
				B1BD42CD2893907300B28575 /* JoinAgreeViewController.swift */,
				B192CC712894582B008C424C /* JoinUserIDViewController.swift */,
				B192CC7328945EF6008C424C /* JoinFinalViewController.swift */,
				B19722F12892A1D1002B0B3B /* PageVC */,
			);
			path = Join;
			sourceTree = "<group>";
		};
		B19B0AB1289BDAA000996F4E /* Home */ = {
			isa = PBXGroup;
			children = (
				B15DAB492895ACE000BB313D /* Feed.storyboard */,
				B15DAB4F2895BAAA00BB313D /* FeedTabBarViewController.swift */,
				B192CC7528945F7B008C424C /* Feed */,
				B16588E9289E9B5F00B80B4F /* Comment */,
				B16588EA289E9B7300B80B4F /* Chat */,
				B1A89050289A51F700AD6C35 /* Mypage */,
			);
			path = Home;
			sourceTree = "<group>";
		};
		B19B0ABD289C3D9000996F4E /* TabmanVC */ = {
			isa = PBXGroup;
			children = (
				B19B0AC2289C3EED00996F4E /* TabManViewController.swift */,
				B19B0ABE289C3DC300996F4E /* MypageFeedViewController.swift */,
				B19B0AC0289C3DD900996F4E /* MypageTagViewController.swift */,
				B188C36A289D670000363E0C /* MypageFeedCollection */,
			);
			path = TabmanVC;
			sourceTree = "<group>";
		};
		B1A89050289A51F700AD6C35 /* Mypage */ = {
			isa = PBXGroup;
			children = (
				B19B0AB9289C2B2900996F4E /* Mypage.storyboard */,
				B1A8904D289A4E1A00AD6C35 /* MyPageViewController.swift */,
				B19B0ABD289C3D9000996F4E /* TabmanVC */,
			);
			path = Mypage;
			sourceTree = "<group>";
		};
		B1B1FBED289DE86F00E55EEC /* CommentsTable */ = {
			isa = PBXGroup;
			children = (
				B1B1FBEF289DE8A300E55EEC /* FeedCommentsTableViewCell.xib */,
				B1B1FBEE289DE8A300E55EEC /* FeedCommentsTableViewCell.swift */,
			);
			path = CommentsTable;
			sourceTree = "<group>";
		};
		B1B922D9289A6D29001440E9 /* API */ = {
			isa = PBXGroup;
			children = (
				B127564D28A3E15200508448 /* BASE_URL.swift */,
				B1F5694C289C55C2004E2CAB /* User */,
				B1F5694D289C55CE004E2CAB /* Feed */,
				B16588EB289EA12800B80B4F /* Chat */,
			);
			path = API;
			sourceTree = "<group>";
		};
		B1B922E4289A8CFC001440E9 /* Data */ = {
			isa = PBXGroup;
			children = (
				B1B922EF289A9F25001440E9 /* UserPostRequest.swift */,
				B19B0AB7289C071B00996F4E /* UserKakaoSignUpRequest.swift */,
				B1B922E5289A8D0C001440E9 /* UserResponse.swift */,
				B1F56952289C5BE2004E2CAB /* FeedResponse.swift */,
				B1B1FBF4289DFBB700E55EEC /* CommentResponse.swift */,
				B16588F0289EA53600B80B4F /* ChatResponse.swift */,
			);
			path = Data;
			sourceTree = "<group>";
		};
		B1B922F5289AF85C001440E9 /* UserDefaults */ = {
			isa = PBXGroup;
			children = (
				B1B922F6289AF873001440E9 /* UserDefaultsData.swift */,
			);
			path = UserDefaults;
			sourceTree = "<group>";
		};
		B1F5694C289C55C2004E2CAB /* User */ = {
			isa = PBXGroup;
			children = (
				B16588F8289EE3A600B80B4F /* APIKakaoPostURL.swift */,
				B16588F6289EE36300B80B4F /* APIKakaoPost.swift */,
				B1B922E0289A777D001440E9 /* APIUserPostURL.swift */,
				B1B922E2289A7DAC001440E9 /* APIUserPost.swift */,
				B1B922F3289AF7F3001440E9 /* APIUserGetURL.swift */,
				B1B922F1289AF7D4001440E9 /* APIUserGet.swift */,
			);
			path = User;
			sourceTree = "<group>";
		};
		B1F5694D289C55CE004E2CAB /* Feed */ = {
			isa = PBXGroup;
			children = (
				B188C366289D5AE800363E0C /* APIFeedPostURL.swift */,
				B188C368289D5DFA00363E0C /* APIFeedPost.swift */,
				B1F56950289C561D004E2CAB /* APIFeedGetURL.swift */,
				B1F5694E289C55EB004E2CAB /* APIFeedGet.swift */,
				B1B1FBE9289DC86A00E55EEC /* APIFeedPatchURL.swift */,
				B1B1FBE7289DC85B00E55EEC /* APIFeedPatch.swift */,
			);
			path = Feed;
			sourceTree = "<group>";
		};
		F69633F328902C0900548666 = {
			isa = PBXGroup;
			children = (
				F69633FE28902C0900548666 /* InstagramChallenge */,
				F69633FD28902C0900548666 /* Products */,
				20118D236E852BF649A76B49 /* Pods */,
				80FEF2CBE9028394D017550E /* Frameworks */,
			);
			sourceTree = "<group>";
		};
		F69633FD28902C0900548666 /* Products */ = {
			isa = PBXGroup;
			children = (
				F69633FC28902C0900548666 /* InstagramChallenge.app */,
			);
			name = Products;
			sourceTree = "<group>";
		};
		F69633FE28902C0900548666 /* InstagramChallenge */ = {
			isa = PBXGroup;
			children = (
				F696340828902C0D00548666 /* Assets.xcassets */,
				B16B30B02891CEB300B978BD /* Base */,
				B19722EA28927E47002B0B3B /* PublicFunc */,
				B1B922F5289AF85C001440E9 /* UserDefaults */,
				B1B922E4289A8CFC001440E9 /* Data */,
				B1B922D9289A6D29001440E9 /* API */,
				B16B30B22891CEEA00B978BD /* Login */,
				B19B0AB1289BDAA000996F4E /* Home */,
			);
			path = InstagramChallenge;
			sourceTree = "<group>";
		};
/* End PBXGroup section */

/* Begin PBXNativeTarget section */
		F69633FB28902C0900548666 /* InstagramChallenge */ = {
			isa = PBXNativeTarget;
			buildConfigurationList = F696341028902C0D00548666 /* Build configuration list for PBXNativeTarget "InstagramChallenge" */;
			buildPhases = (
				B44E460B5F1C2BF326AAD44A /* [CP] Check Pods Manifest.lock */,
				F69633F828902C0900548666 /* Sources */,
				F69633F928902C0900548666 /* Frameworks */,
				F69633FA28902C0900548666 /* Resources */,
				F93D4B62CF39C1C0B3D73342 /* [CP] Embed Pods Frameworks */,
			);
			buildRules = (
			);
			dependencies = (
			);
			name = InstagramChallenge;
			productName = InstagramChallenge;
			productReference = F69633FC28902C0900548666 /* InstagramChallenge.app */;
			productType = "com.apple.product-type.application";
		};
/* End PBXNativeTarget section */

/* Begin PBXProject section */
		F69633F428902C0900548666 /* Project object */ = {
			isa = PBXProject;
			attributes = {
				BuildIndependentTargetsInParallel = 1;
				LastSwiftUpdateCheck = 1340;
				LastUpgradeCheck = 1340;
				TargetAttributes = {
					F69633FB28902C0900548666 = {
						CreatedOnToolsVersion = 13.4.1;
					};
				};
			};
			buildConfigurationList = F69633F728902C0900548666 /* Build configuration list for PBXProject "InstagramChallenge" */;
			compatibilityVersion = "Xcode 13.0";
			developmentRegion = en;
			hasScannedForEncodings = 0;
			knownRegions = (
				en,
				ko,
			);
			mainGroup = F69633F328902C0900548666;
			productRefGroup = F69633FD28902C0900548666 /* Products */;
			projectDirPath = "";
			projectRoot = "";
			targets = (
				F69633FB28902C0900548666 /* InstagramChallenge */,
			);
		};
/* End PBXProject section */

/* Begin PBXResourcesBuildPhase section */
		F69633FA28902C0900548666 /* Resources */ = {
			isa = PBXResourcesBuildPhase;
			buildActionMask = 2147483647;
			files = (
				F696340C28902C0D00548666 /* LaunchScreen.storyboard in Resources */,
				B16588E2289E8FF400B80B4F /* YouChatTableViewCell.xib in Resources */,
				B16588E8289E9A2800B80B4F /* MeChatTableViewCell.xib in Resources */,
				B188C36E289D673B00363E0C /* MypageFeedCollectionViewCell.xib in Resources */,
				B192283D28992F620059960C /* StoryTableViewCell.xib in Resources */,
				F696340928902C0D00548666 /* Assets.xcassets in Resources */,
				B19B0ABA289C2B2900996F4E /* Mypage.storyboard in Resources */,
				B15DAB4A2895ACE000BB313D /* Feed.storyboard in Resources */,
				B1B1FBF1289DE8A300E55EEC /* FeedCommentsTableViewCell.xib in Resources */,
				B192284728993AFA0059960C /* StoryCollectionViewCell.xib in Resources */,
				F696340728902C0900548666 /* Login.storyboard in Resources */,
				B192284C28993D7D0059960C /* FeedTableViewCell.xib in Resources */,
			);
			runOnlyForDeploymentPostprocessing = 0;
		};
/* End PBXResourcesBuildPhase section */

/* Begin PBXShellScriptBuildPhase section */
		B44E460B5F1C2BF326AAD44A /* [CP] Check Pods Manifest.lock */ = {
			isa = PBXShellScriptBuildPhase;
			buildActionMask = 2147483647;
			files = (
			);
			inputFileListPaths = (
			);
			inputPaths = (
				"${PODS_PODFILE_DIR_PATH}/Podfile.lock",
				"${PODS_ROOT}/Manifest.lock",
			);
			name = "[CP] Check Pods Manifest.lock";
			outputFileListPaths = (
			);
			outputPaths = (
				"$(DERIVED_FILE_DIR)/Pods-InstagramChallenge-checkManifestLockResult.txt",
			);
			runOnlyForDeploymentPostprocessing = 0;
			shellPath = /bin/sh;
			shellScript = "diff \"${PODS_PODFILE_DIR_PATH}/Podfile.lock\" \"${PODS_ROOT}/Manifest.lock\" > /dev/null\nif [ $? != 0 ] ; then\n    # print error to STDERR\n    echo \"error: The sandbox is not in sync with the Podfile.lock. Run 'pod install' or update your CocoaPods installation.\" >&2\n    exit 1\nfi\n# This output is used by Xcode 'outputs' to avoid re-running this script phase.\necho \"SUCCESS\" > \"${SCRIPT_OUTPUT_FILE_0}\"\n";
			showEnvVarsInLog = 0;
		};
		F93D4B62CF39C1C0B3D73342 /* [CP] Embed Pods Frameworks */ = {
			isa = PBXShellScriptBuildPhase;
			buildActionMask = 2147483647;
			files = (
			);
			inputFileListPaths = (
				"${PODS_ROOT}/Target Support Files/Pods-InstagramChallenge/Pods-InstagramChallenge-frameworks-${CONFIGURATION}-input-files.xcfilelist",
			);
			name = "[CP] Embed Pods Frameworks";
			outputFileListPaths = (
				"${PODS_ROOT}/Target Support Files/Pods-InstagramChallenge/Pods-InstagramChallenge-frameworks-${CONFIGURATION}-output-files.xcfilelist",
			);
			runOnlyForDeploymentPostprocessing = 0;
			shellPath = /bin/sh;
			shellScript = "\"${PODS_ROOT}/Target Support Files/Pods-InstagramChallenge/Pods-InstagramChallenge-frameworks.sh\"\n";
			showEnvVarsInLog = 0;
		};
/* End PBXShellScriptBuildPhase section */

/* Begin PBXSourcesBuildPhase section */
		F69633F828902C0900548666 /* Sources */ = {
			isa = PBXSourcesBuildPhase;
			buildActionMask = 2147483647;
			files = (
				B17B5C45289FF6BB00B699B9 /* Loading.swift in Sources */,
				B192284628993AFA0059960C /* StoryCollectionViewCell.swift in Sources */,
				B1F56951289C561D004E2CAB /* APIFeedGetURL.swift in Sources */,
				B16588F5289EB72C00B80B4F /* APIChatPostURL.swift in Sources */,
				B16588F3289EB72200B80B4F /* APIChatPost.swift in Sources */,
				B19722F72892A223002B0B3B /* PageEmailViewController.swift in Sources */,
				B188C36D289D673B00363E0C /* MypageFeedCollectionViewCell.swift in Sources */,
				B1B1FBE8289DC85B00E55EEC /* APIFeedPatch.swift in Sources */,
				B1B1FBE6289DB7E200E55EEC /* FeedModifyViewController.swift in Sources */,
				B192CC7428945EF6008C424C /* JoinFinalViewController.swift in Sources */,
				B188C369289D5DFA00363E0C /* APIFeedPost.swift in Sources */,
				B1B1FBF5289DFBB700E55EEC /* CommentResponse.swift in Sources */,
				B19B0ABF289C3DC300996F4E /* MypageFeedViewController.swift in Sources */,
				B16588ED289EA13F00B80B4F /* APIChatGet.swift in Sources */,
				F696340428902C0900548666 /* LoginViewController.swift in Sources */,
				B1B1FBEC289DE7C300E55EEC /* FeedCommentsViewController.swift in Sources */,
				B19722F32892A1E8002B0B3B /* PageViewController.swift in Sources */,
				B15DAB502895BAAA00BB313D /* FeedTabBarViewController.swift in Sources */,
				F696340028902C0900548666 /* AppDelegate.swift in Sources */,
				B19B0AC3289C3EED00996F4E /* TabManViewController.swift in Sources */,
				B1F56955289C68AE004E2CAB /* NumberFormatter.swift in Sources */,
				B19722EC28927EA2002B0B3B /* MakeAlert.swift in Sources */,
				B1BD42CE2893907300B28575 /* JoinAgreeViewController.swift in Sources */,
				B19723002892E115002B0B3B /* JoinBirthViewController.swift in Sources */,
				B188C367289D5AE800363E0C /* APIFeedPostURL.swift in Sources */,
				B16588E7289E9A2800B80B4F /* MeChatTableViewCell.swift in Sources */,
				B19722F0289295FE002B0B3B /* JoinPhoneViewController.swift in Sources */,
				B1B922F4289AF7F3001440E9 /* APIUserGetURL.swift in Sources */,
				B1B922E6289A8D0C001440E9 /* UserResponse.swift in Sources */,
				B1B922F2289AF7D4001440E9 /* APIUserGet.swift in Sources */,
				B1A89048289A3D8900AD6C35 /* FeedNewViewController.swift in Sources */,
				B16588F1289EA53600B80B4F /* ChatResponse.swift in Sources */,
				B15DAB4C2895B73700BB313D /* FeedViewController.swift in Sources */,
				B1B922E1289A777D001440E9 /* APIUserPostURL.swift in Sources */,
				B1A8904E289A4E1A00AD6C35 /* MyPageViewController.swift in Sources */,
				B192283C28992F620059960C /* StoryTableViewCell.swift in Sources */,
				B19722F92892BD87002B0B3B /* JoinSMSViewController.swift in Sources */,
				B1B1FBEA289DC86A00E55EEC /* APIFeedPatchURL.swift in Sources */,
				B1B922E3289A7DAC001440E9 /* APIUserPost.swift in Sources */,
				B1F56953289C5BE2004E2CAB /* FeedResponse.swift in Sources */,
				B19B0AB0289BD04800996F4E /* LoginNavigationViewController.swift in Sources */,
				B16588DD289E73B800B80B4F /* FeedChatViewController.swift in Sources */,
				B19B0AC1289C3DD900996F4E /* MypageTagViewController.swift in Sources */,
				B16588E1289E8FF400B80B4F /* YouChatTableViewCell.swift in Sources */,
				B1F5694F289C55EB004E2CAB /* APIFeedGet.swift in Sources */,
				B188C372289D95AA00363E0C /* BottomSheetViewController.swift in Sources */,
				B19722EE28928DD9002B0B3B /* JoinViewController.swift in Sources */,
				B19B0AB8289C071B00996F4E /* UserKakaoSignUpRequest.swift in Sources */,
				B127564E28A3E15200508448 /* BASE_URL.swift in Sources */,
				B1B1FBF0289DE8A300E55EEC /* FeedCommentsTableViewCell.swift in Sources */,
				B1B1FBF3289DF8A500E55EEC /* DateSub.swift in Sources */,
				B1B922F0289A9F25001440E9 /* UserPostRequest.swift in Sources */,
				B19722FB2892CDB8002B0B3B /* JoinNameViewController.swift in Sources */,
				B192284B28993D7D0059960C /* FeedTableViewCell.swift in Sources */,
				B192CC722894582B008C424C /* JoinUserIDViewController.swift in Sources */,
				B16588EF289EA16B00B80B4F /* APIChatGetURL.swift in Sources */,
				B1B922F7289AF873001440E9 /* UserDefaultsData.swift in Sources */,
				B19722F52892A216002B0B3B /* PagePhoneViewController.swift in Sources */,
				B16588F7289EE36300B80B4F /* APIKakaoPost.swift in Sources */,
				F696340228902C0900548666 /* SceneDelegate.swift in Sources */,
				B16588F9289EE3A600B80B4F /* APIKakaoPostURL.swift in Sources */,
				B19722FE2892D900002B0B3B /* JoinPWViewController.swift in Sources */,
			);
			runOnlyForDeploymentPostprocessing = 0;
		};
/* End PBXSourcesBuildPhase section */

/* Begin PBXVariantGroup section */
		F696340528902C0900548666 /* Login.storyboard */ = {
			isa = PBXVariantGroup;
			children = (
				B17B5C40289FF49700B699B9 /* ko */,
			);
			name = Login.storyboard;
			sourceTree = "<group>";
		};
		F696340A28902C0D00548666 /* LaunchScreen.storyboard */ = {
			isa = PBXVariantGroup;
			children = (
				B17B5C41289FF49A00B699B9 /* ko */,
			);
			name = LaunchScreen.storyboard;
			sourceTree = "<group>";
		};
/* End PBXVariantGroup section */

/* Begin XCBuildConfiguration section */
		F696340E28902C0D00548666 /* Debug */ = {
			isa = XCBuildConfiguration;
			buildSettings = {
				ALWAYS_SEARCH_USER_PATHS = NO;
				CLANG_ANALYZER_LOCALIZABILITY_NONLOCALIZED = YES;
				CLANG_ANALYZER_NONNULL = YES;
				CLANG_ANALYZER_NUMBER_OBJECT_CONVERSION = YES_AGGRESSIVE;
				CLANG_CXX_LANGUAGE_STANDARD = "gnu++17";
				CLANG_ENABLE_MODULES = YES;
				CLANG_ENABLE_OBJC_ARC = YES;
				CLANG_ENABLE_OBJC_WEAK = YES;
				CLANG_WARN_BLOCK_CAPTURE_AUTORELEASING = YES;
				CLANG_WARN_BOOL_CONVERSION = YES;
				CLANG_WARN_COMMA = YES;
				CLANG_WARN_CONSTANT_CONVERSION = YES;
				CLANG_WARN_DEPRECATED_OBJC_IMPLEMENTATIONS = YES;
				CLANG_WARN_DIRECT_OBJC_ISA_USAGE = YES_ERROR;
				CLANG_WARN_DOCUMENTATION_COMMENTS = YES;
				CLANG_WARN_EMPTY_BODY = YES;
				CLANG_WARN_ENUM_CONVERSION = YES;
				CLANG_WARN_INFINITE_RECURSION = YES;
				CLANG_WARN_INT_CONVERSION = YES;
				CLANG_WARN_NON_LITERAL_NULL_CONVERSION = YES;
				CLANG_WARN_OBJC_IMPLICIT_RETAIN_SELF = YES;
				CLANG_WARN_OBJC_LITERAL_CONVERSION = YES;
				CLANG_WARN_OBJC_ROOT_CLASS = YES_ERROR;
				CLANG_WARN_QUOTED_INCLUDE_IN_FRAMEWORK_HEADER = YES;
				CLANG_WARN_RANGE_LOOP_ANALYSIS = YES;
				CLANG_WARN_STRICT_PROTOTYPES = YES;
				CLANG_WARN_SUSPICIOUS_MOVE = YES;
				CLANG_WARN_UNGUARDED_AVAILABILITY = YES_AGGRESSIVE;
				CLANG_WARN_UNREACHABLE_CODE = YES;
				CLANG_WARN__DUPLICATE_METHOD_MATCH = YES;
				COPY_PHASE_STRIP = NO;
				DEBUG_INFORMATION_FORMAT = dwarf;
				ENABLE_STRICT_OBJC_MSGSEND = YES;
				ENABLE_TESTABILITY = YES;
				GCC_C_LANGUAGE_STANDARD = gnu11;
				GCC_DYNAMIC_NO_PIC = NO;
				GCC_NO_COMMON_BLOCKS = YES;
				GCC_OPTIMIZATION_LEVEL = 0;
				GCC_PREPROCESSOR_DEFINITIONS = (
					"DEBUG=1",
					"$(inherited)",
				);
				GCC_WARN_64_TO_32_BIT_CONVERSION = YES;
				GCC_WARN_ABOUT_RETURN_TYPE = YES_ERROR;
				GCC_WARN_UNDECLARED_SELECTOR = YES;
				GCC_WARN_UNINITIALIZED_AUTOS = YES_AGGRESSIVE;
				GCC_WARN_UNUSED_FUNCTION = YES;
				GCC_WARN_UNUSED_VARIABLE = YES;
				IPHONEOS_DEPLOYMENT_TARGET = 14.0;
				MTL_ENABLE_DEBUG_INFO = INCLUDE_SOURCE;
				MTL_FAST_MATH = YES;
				ONLY_ACTIVE_ARCH = YES;
				SDKROOT = iphoneos;
				SWIFT_ACTIVE_COMPILATION_CONDITIONS = DEBUG;
				SWIFT_OPTIMIZATION_LEVEL = "-Onone";
			};
			name = Debug;
		};
		F696340F28902C0D00548666 /* Release */ = {
			isa = XCBuildConfiguration;
			buildSettings = {
				ALWAYS_SEARCH_USER_PATHS = NO;
				CLANG_ANALYZER_LOCALIZABILITY_NONLOCALIZED = YES;
				CLANG_ANALYZER_NONNULL = YES;
				CLANG_ANALYZER_NUMBER_OBJECT_CONVERSION = YES_AGGRESSIVE;
				CLANG_CXX_LANGUAGE_STANDARD = "gnu++17";
				CLANG_ENABLE_MODULES = YES;
				CLANG_ENABLE_OBJC_ARC = YES;
				CLANG_ENABLE_OBJC_WEAK = YES;
				CLANG_WARN_BLOCK_CAPTURE_AUTORELEASING = YES;
				CLANG_WARN_BOOL_CONVERSION = YES;
				CLANG_WARN_COMMA = YES;
				CLANG_WARN_CONSTANT_CONVERSION = YES;
				CLANG_WARN_DEPRECATED_OBJC_IMPLEMENTATIONS = YES;
				CLANG_WARN_DIRECT_OBJC_ISA_USAGE = YES_ERROR;
				CLANG_WARN_DOCUMENTATION_COMMENTS = YES;
				CLANG_WARN_EMPTY_BODY = YES;
				CLANG_WARN_ENUM_CONVERSION = YES;
				CLANG_WARN_INFINITE_RECURSION = YES;
				CLANG_WARN_INT_CONVERSION = YES;
				CLANG_WARN_NON_LITERAL_NULL_CONVERSION = YES;
				CLANG_WARN_OBJC_IMPLICIT_RETAIN_SELF = YES;
				CLANG_WARN_OBJC_LITERAL_CONVERSION = YES;
				CLANG_WARN_OBJC_ROOT_CLASS = YES_ERROR;
				CLANG_WARN_QUOTED_INCLUDE_IN_FRAMEWORK_HEADER = YES;
				CLANG_WARN_RANGE_LOOP_ANALYSIS = YES;
				CLANG_WARN_STRICT_PROTOTYPES = YES;
				CLANG_WARN_SUSPICIOUS_MOVE = YES;
				CLANG_WARN_UNGUARDED_AVAILABILITY = YES_AGGRESSIVE;
				CLANG_WARN_UNREACHABLE_CODE = YES;
				CLANG_WARN__DUPLICATE_METHOD_MATCH = YES;
				COPY_PHASE_STRIP = NO;
				DEBUG_INFORMATION_FORMAT = "dwarf-with-dsym";
				ENABLE_NS_ASSERTIONS = NO;
				ENABLE_STRICT_OBJC_MSGSEND = YES;
				GCC_C_LANGUAGE_STANDARD = gnu11;
				GCC_NO_COMMON_BLOCKS = YES;
				GCC_WARN_64_TO_32_BIT_CONVERSION = YES;
				GCC_WARN_ABOUT_RETURN_TYPE = YES_ERROR;
				GCC_WARN_UNDECLARED_SELECTOR = YES;
				GCC_WARN_UNINITIALIZED_AUTOS = YES_AGGRESSIVE;
				GCC_WARN_UNUSED_FUNCTION = YES;
				GCC_WARN_UNUSED_VARIABLE = YES;
				IPHONEOS_DEPLOYMENT_TARGET = 14.0;
				MTL_ENABLE_DEBUG_INFO = NO;
				MTL_FAST_MATH = YES;
				SDKROOT = iphoneos;
				SWIFT_COMPILATION_MODE = wholemodule;
				SWIFT_OPTIMIZATION_LEVEL = "-O";
				VALIDATE_PRODUCT = YES;
			};
			name = Release;
		};
		F696341128902C0D00548666 /* Debug */ = {
			isa = XCBuildConfiguration;
			baseConfigurationReference = AAE7366E71726112FA11D6AD /* Pods-InstagramChallenge.debug.xcconfig */;
			buildSettings = {
				ASSETCATALOG_COMPILER_APPICON_NAME = AppIcon;
				ASSETCATALOG_COMPILER_GLOBAL_ACCENT_COLOR_NAME = AccentColor;
				CODE_SIGN_IDENTITY = "Apple Development";
				CODE_SIGN_STYLE = Automatic;
				CURRENT_PROJECT_VERSION = 1;
				DEVELOPMENT_TEAM = A3887NB9SN;
				GENERATE_INFOPLIST_FILE = YES;
				INFOPLIST_FILE = InstagramChallenge/Base/Info.plist;
				INFOPLIST_KEY_NSPhotoLibraryUsageDescription = "앨범 사용 권한을 허용해주세요.";
				INFOPLIST_KEY_UIApplicationSupportsIndirectInputEvents = YES;
				INFOPLIST_KEY_UILaunchStoryboardName = LaunchScreen;
				INFOPLIST_KEY_UIMainStoryboardFile = Login;
				INFOPLIST_KEY_UISupportedInterfaceOrientations = UIInterfaceOrientationPortrait;
				INFOPLIST_KEY_UISupportedInterfaceOrientations_iPad = "UIInterfaceOrientationPortrait UIInterfaceOrientationPortraitUpsideDown UIInterfaceOrientationLandscapeLeft UIInterfaceOrientationLandscapeRight";
				INFOPLIST_KEY_UISupportedInterfaceOrientations_iPhone = "UIInterfaceOrientationPortrait UIInterfaceOrientationLandscapeLeft UIInterfaceOrientationLandscapeRight";
				INFOPLIST_KEY_UIUserInterfaceStyle = Light;
				IPHONEOS_DEPLOYMENT_TARGET = 14.0;
				LD_RUNPATH_SEARCH_PATHS = (
					"$(inherited)",
					"@executable_path/Frameworks",
				);
				MARKETING_VERSION = 1.0;
				PRODUCT_BUNDLE_IDENTIFIER = com.softsquared.gridgeTest.ios.InstagraChallenge;
				PRODUCT_NAME = "$(TARGET_NAME)";
				PROVISIONING_PROFILE_SPECIFIER = "";
				SWIFT_EMIT_LOC_STRINGS = YES;
				SWIFT_VERSION = 5.0;
				TARGETED_DEVICE_FAMILY = 1;
			};
			name = Debug;
		};
		F696341228902C0D00548666 /* Release */ = {
			isa = XCBuildConfiguration;
			baseConfigurationReference = FF9E68987F05A4CDC4872731 /* Pods-InstagramChallenge.release.xcconfig */;
			buildSettings = {
				ASSETCATALOG_COMPILER_APPICON_NAME = AppIcon;
				ASSETCATALOG_COMPILER_GLOBAL_ACCENT_COLOR_NAME = AccentColor;
				CODE_SIGN_STYLE = Automatic;
				CURRENT_PROJECT_VERSION = 1;
				DEVELOPMENT_TEAM = A3887NB9SN;
				GENERATE_INFOPLIST_FILE = YES;
				INFOPLIST_FILE = InstagramChallenge/Base/Info.plist;
				INFOPLIST_KEY_NSPhotoLibraryUsageDescription = "앨범 사용 권한을 허용해주세요.";
				INFOPLIST_KEY_UIApplicationSupportsIndirectInputEvents = YES;
				INFOPLIST_KEY_UILaunchStoryboardName = LaunchScreen;
				INFOPLIST_KEY_UIMainStoryboardFile = Login;
				INFOPLIST_KEY_UISupportedInterfaceOrientations = UIInterfaceOrientationPortrait;
				INFOPLIST_KEY_UISupportedInterfaceOrientations_iPad = "UIInterfaceOrientationPortrait UIInterfaceOrientationPortraitUpsideDown UIInterfaceOrientationLandscapeLeft UIInterfaceOrientationLandscapeRight";
				INFOPLIST_KEY_UISupportedInterfaceOrientations_iPhone = "UIInterfaceOrientationPortrait UIInterfaceOrientationLandscapeLeft UIInterfaceOrientationLandscapeRight";
				INFOPLIST_KEY_UIUserInterfaceStyle = Light;
				IPHONEOS_DEPLOYMENT_TARGET = 14.0;
				LD_RUNPATH_SEARCH_PATHS = (
					"$(inherited)",
					"@executable_path/Frameworks",
				);
				MARKETING_VERSION = 1.0;
				PRODUCT_BUNDLE_IDENTIFIER = com.softsquared.gridgeTest.ios.InstagraChallenge;
				PRODUCT_NAME = "$(TARGET_NAME)";
				SWIFT_EMIT_LOC_STRINGS = YES;
				SWIFT_VERSION = 5.0;
				TARGETED_DEVICE_FAMILY = 1;
			};
			name = Release;
		};
/* End XCBuildConfiguration section */

/* Begin XCConfigurationList section */
		F69633F728902C0900548666 /* Build configuration list for PBXProject "InstagramChallenge" */ = {
			isa = XCConfigurationList;
			buildConfigurations = (
				F696340E28902C0D00548666 /* Debug */,
				F696340F28902C0D00548666 /* Release */,
			);
			defaultConfigurationIsVisible = 0;
			defaultConfigurationName = Release;
		};
		F696341028902C0D00548666 /* Build configuration list for PBXNativeTarget "InstagramChallenge" */ = {
			isa = XCConfigurationList;
			buildConfigurations = (
				F696341128902C0D00548666 /* Debug */,
				F696341228902C0D00548666 /* Release */,
			);
			defaultConfigurationIsVisible = 0;
			defaultConfigurationName = Release;
		};
/* End XCConfigurationList section */
	};
	rootObject = F69633F428902C0900548666 /* Project object */;
}
